
Microsoft Visual Studio Solution File, Format Version 12.00
# Visual Studio Version 17
VisualStudioVersion = 17.7.34031.279
MinimumVisualStudioVersion = 15.0.26124.0
Project("{9A19103F-16F7-4668-BE54-9A1E7A4F7556}") = "Cdk", "Cdk\Cdk.csproj", "{8ACFE3FF-0A37-4A89-A92D-859FBB8BE1C0}"
EndProject
Project("{9A19103F-16F7-4668-BE54-9A1E7A4F7556}") = "ChromeStandalone", "ChromeStandalone\ChromeStandalone.csproj", "{67D2AA16-26A5-44EA-B49B-7AA0585F4664}"
EndProject
Global
	GlobalSection(SolutionConfigurationPlatforms) = preSolution
		Debug|Any CPU = Debug|Any CPU
		Debug|x64 = Debug|x64
		Debug|x86 = Debug|x86
		Release|Any CPU = Release|Any CPU
		Release|x64 = Release|x64
		Release|x86 = Release|x86
	EndGlobalSection
	GlobalSection(ProjectConfigurationPlatforms) = postSolution
		{8ACFE3FF-0A37-4A89-A92D-859FBB8BE1C0}.Debug|Any CPU.ActiveCfg = Debug|Any CPU
		{8ACFE3FF-0A37-4A89-A92D-859FBB8BE1C0}.Debug|Any CPU.Build.0 = Debug|Any CPU
		{8ACFE3FF-0A37-4A89-A92D-859FBB8BE1C0}.Debug|x64.ActiveCfg = Debug|Any CPU
		{8ACFE3FF-0A37-4A89-A92D-859FBB8BE1C0}.Debug|x64.Build.0 = Debug|Any CPU
		{8ACFE3FF-0A37-4A89-A92D-859FBB8BE1C0}.Debug|x86.ActiveCfg = Debug|Any CPU
		{8ACFE3FF-0A37-4A89-A92D-859FBB8BE1C0}.Debug|x86.Build.0 = Debug|Any CPU
		{8ACFE3FF-0A37-4A89-A92D-859FBB8BE1C0}.Release|Any CPU.ActiveCfg = Release|Any CPU
		{8ACFE3FF-0A37-4A89-A92D-859FBB8BE1C0}.Release|Any CPU.Build.0 = Release|Any CPU
		{8ACFE3FF-0A37-4A89-A92D-859FBB8BE1C0}.Release|x64.ActiveCfg = Release|Any CPU
		{8ACFE3FF-0A37-4A89-A92D-859FBB8BE1C0}.Release|x64.Build.0 = Release|Any CPU
		{8ACFE3FF-0A37-4A89-A92D-859FBB8BE1C0}.Release|x86.ActiveCfg = Release|Any CPU
		{8ACFE3FF-0A37-4A89-A92D-859FBB8BE1C0}.Release|x86.Build.0 = Release|Any CPU
		{67D2AA16-26A5-44EA-B49B-7AA0585F4664}.Debug|Any CPU.ActiveCfg = Debug|Any CPU
		{67D2AA16-26A5-44EA-B49B-7AA0585F4664}.Debug|Any CPU.Build.0 = Debug|Any CPU
		{67D2AA16-26A5-44EA-B49B-7AA0585F4664}.Debug|x64.ActiveCfg = Debug|Any CPU
		{67D2AA16-26A5-44EA-B49B-7AA0585F4664}.Debug|x64.Build.0 = Debug|Any CPU
		{67D2AA16-26A5-44EA-B49B-7AA0585F4664}.Debug|x86.ActiveCfg = Debug|Any CPU
		{67D2AA16-26A5-44EA-B49B-7AA0585F4664}.Debug|x86.Build.0 = Debug|Any CPU
		{67D2AA16-26A5-44EA-B49B-7AA0585F4664}.Release|Any CPU.ActiveCfg = Release|Any CPU
		{67D2AA16-26A5-44EA-B49B-7AA0585F4664}.Release|Any CPU.Build.0 = Release|Any CPU
		{67D2AA16-26A5-44EA-B49B-7AA0585F4664}.Release|x64.ActiveCfg = Release|Any CPU
		{67D2AA16-26A5-44EA-B49B-7AA0585F4664}.Release|x64.Build.0 = Release|Any CPU
		{67D2AA16-26A5-44EA-B49B-7AA0585F4664}.Release|x86.ActiveCfg = Release|Any CPU
		{67D2AA16-26A5-44EA-B49B-7AA0585F4664}.Release|x86.Build.0 = Release|Any CPU
	EndGlobalSection
	GlobalSection(SolutionProperties) = preSolution
		HideSolutionNode = FALSE
	EndGlobalSection
EndGlobal
